# This file is automatically @generated by Cargo.
# It is not intended for manual editing.
version = 4

[[package]]
name = "anstyle"
version = "1.0.10"
source = "registry+https://github.com/rust-lang/crates.io-index"
checksum = "55cc3b69f167a1ef2e161439aa98aed94e6028e5f9a59be9a6ffb47aef1651f9"

[[package]]
name = "clap"
version = "4.5.39"
source = "registry+https://github.com/rust-lang/crates.io-index"
checksum = "fd60e63e9be68e5fb56422e397cf9baddded06dae1d2e523401542383bc72a9f"
dependencies = [
 "clap_builder",
]

[[package]]
name = "clap_builder"
version = "4.5.39"
source = "registry+https://github.com/rust-lang/crates.io-index"
checksum = "89cc6392a1f72bbeb820d71f32108f61fdaf18bc526e1d23954168a67759ef51"
dependencies = [
 "anstyle",
 "clap_lex",
]

[[package]]
name = "clap_lex"
version = "0.7.4"
source = "registry+https://github.com/rust-lang/crates.io-index"
checksum = "f46ad14479a25103f283c0f10005961cf086d8dc42205bb44c46ac563475dca6"

[[package]]
name = "fshar"
version = "1.0.0"
dependencies = [
 "clap",
]
